Microsoft Visual Studio Solution File, Format Version 12.00
# Visual Studio 2012
Project("{FAE04EC0-301F-11D3-BF4B-00C04F79EFBC}") = "Poor Man RTS", "Poor Man RTS.csproj", "{872ECFBB-3B97-4F72-8916-E888F502026E}"
EndProject
Global
	GlobalSection(SolutionConfigurationPlatforms) = preSolution
	Debug|Any CPU = Debug|Any CPU
	ExportDebug|Any CPU = ExportDebug|Any CPU
	ExportRelease|Any CPU = ExportRelease|Any CPU
	EndGlobalSection
	GlobalSection(ProjectConfigurationPlatforms) = postSolution
		{872ECFBB-3B97-4F72-8916-E888F502026E}.Debug|Any CPU.ActiveCfg = Debug|Any CPU
		{872ECFBB-3B97-4F72-8916-E888F502026E}.Debug|Any CPU.Build.0 = Debug|Any CPU
		{872ECFBB-3B97-4F72-8916-E888F502026E}.ExportDebug|Any CPU.ActiveCfg = ExportDebug|Any CPU
		{872ECFBB-3B97-4F72-8916-E888F502026E}.ExportDebug|Any CPU.Build.0 = ExportDebug|Any CPU
		{872ECFBB-3B97-4F72-8916-E888F502026E}.ExportRelease|Any CPU.ActiveCfg = ExportRelease|Any CPU
		{872ECFBB-3B97-4F72-8916-E888F502026E}.ExportRelease|Any CPU.Build.0 = ExportRelease|Any CPU
	EndGlobalSection
EndGlobal
